
Microsoft Visual Studio Solution File, Format Version 12.00
# Visual Studio 15
VisualStudioVersion = 15.0.28307.136
MinimumVisualStudioVersion = 10.0.40219.1
Project("{FAE04EC0-301F-11D3-BF4B-00C04F79EFBC}") = "WordGuess", "WordGuess\WordGuess.csproj", "{FA5FA102-CFB8-41CF-9831-630D826D807B}"
EndProject
Project("{FAE04EC0-301F-11D3-BF4B-00C04F79EFBC}") = "UnitTestWordGuess", "UnitTestWordGuess\UnitTestWordGuess.csproj", "{A0A2565E-E007-44ED-B81A-85BC6CB93074}"
EndProject
Global
	GlobalSection(SolutionConfigurationPlatforms) = preSolution
		Debug|Any CPU = Debug|Any CPU
		Release|Any CPU = Release|Any CPU
	EndGlobalSection
	GlobalSection(ProjectConfigurationPlatforms) = postSolution
		{FA5FA102-CFB8-41CF-9831-630D826D807B}.Debug|Any CPU.ActiveCfg = Debug|Any CPU
		{FA5FA102-CFB8-41CF-9831-630D826D807B}.Debug|Any CPU.Build.0 = Debug|Any CPU
		{FA5FA102-CFB8-41CF-9831-630D826D807B}.Release|Any CPU.ActiveCfg = Release|Any CPU
		{FA5FA102-CFB8-41CF-9831-630D826D807B}.Release|Any CPU.Build.0 = Release|Any CPU
		{A0A2565E-E007-44ED-B81A-85BC6CB93074}.Debug|Any CPU.ActiveCfg = Debug|Any CPU
		{A0A2565E-E007-44ED-B81A-85BC6CB93074}.Debug|Any CPU.Build.0 = Debug|Any CPU
		{A0A2565E-E007-44ED-B81A-85BC6CB93074}.Release|Any CPU.ActiveCfg = Release|Any CPU
		{A0A2565E-E007-44ED-B81A-85BC6CB93074}.Release|Any CPU.Build.0 = Release|Any CPU
	EndGlobalSection
	GlobalSection(SolutionProperties) = preSolution
		HideSolutionNode = FALSE
	EndGlobalSection
	GlobalSection(ExtensibilityGlobals) = postSolution
		SolutionGuid = {1543DBD9-7812-4E52-A631-72A99B8F464E}
	EndGlobalSection
EndGlobal
